{
  "version": 4,
  "terraform_version": "1.0.9",
  "serial": 3,
  "lineage": "524767f5-289c-7cb9-9cf4-1071c03d5f02",
  "outputs": {},
  "resources": [
    {
      "mode": "managed",
      "type": "aws_vpc",
      "name": "my_vpc",
      "provider": "provider[\"registry.terraform.io/hashicorp/aws\"]",
      "instances": [
        {
          "schema_version": 1,
          "attributes": {
            "arn": "arn:aws:ec2:us-east-1:970144725243:vpc/vpc-0c658aa8bb5476fe9",
            "assign_generated_ipv6_cidr_block": false,
            "cidr_block": "10.0.0.0/16",
            "default_network_acl_id": "acl-0fa666bb7f1bc83ea",
            "default_route_table_id": "rtb-0354d005bfe7d5d36",
            "default_security_group_id": "sg-0f60cd5c1fa6ec08a",
            "dhcp_options_id": "dopt-0cd2f7499077e3e72",
            "enable_classiclink": false,
            "enable_classiclink_dns_support": false,
            "enable_dns_hostnames": false,
            "enable_dns_support": true,
            "id": "vpc-0c658aa8bb5476fe9",
            "instance_tenancy": "default",
            "ipv4_ipam_pool_id": null,
            "ipv4_netmask_length": null,
            "ipv6_association_id": "",
            "ipv6_cidr_block": "",
            "ipv6_ipam_pool_id": null,
            "ipv6_netmask_length": null,
            "main_route_table_id": "rtb-0354d005bfe7d5d36",
            "owner_id": "970144725243",
            "tags": null,
            "tags_all": {}
          },
          "sensitive_attributes": [],
          "private": "eyJzY2hlbWFfdmVyc2lvbiI6IjEifQ=="
        }
      ]
    }
  ]
}
